
Microsoft Visual Studio Solution File, Format Version 12.00
# Visual Studio Version 16
VisualStudioVersion = 16.0.31729.503
MinimumVisualStudioVersion = 10.0.40219.1
Project("{9A19103F-16F7-4668-BE54-9A1E7A4F7556}") = "ESale.Entities", "ESale.Entities\ESale.Entities.csproj", "{E4386929-73EF-48D3-9A41-41FFC5DD3155}"
EndProject
Project("{9A19103F-16F7-4668-BE54-9A1E7A4F7556}") = "ESale.DataAccess", "ESale.DataAccess\ESale.DataAccess.csproj", "{C015E8AF-EB9E-467F-B15F-4BD7FCC11AF7}"
EndProject
Project("{9A19103F-16F7-4668-BE54-9A1E7A4F7556}") = "ESale.Business", "ESale.Business\ESale.Business.csproj", "{11BA7401-495E-4DDE-BCD6-C229D500B243}"
EndProject
Project("{9A19103F-16F7-4668-BE54-9A1E7A4F7556}") = "ESale.WebUI", "ESale.WebUI\ESale.WebUI.csproj", "{3712A43A-79B3-462E-B361-F2BCBED8449B}"
EndProject
Global
	GlobalSection(SolutionConfigurationPlatforms) = preSolution
		Debug|Any CPU = Debug|Any CPU
		Release|Any CPU = Release|Any CPU
	EndGlobalSection
	GlobalSection(ProjectConfigurationPlatforms) = postSolution
		{E4386929-73EF-48D3-9A41-41FFC5DD3155}.Debug|Any CPU.ActiveCfg = Debug|Any CPU
		{E4386929-73EF-48D3-9A41-41FFC5DD3155}.Debug|Any CPU.Build.0 = Debug|Any CPU
		{E4386929-73EF-48D3-9A41-41FFC5DD3155}.Release|Any CPU.ActiveCfg = Release|Any CPU
		{E4386929-73EF-48D3-9A41-41FFC5DD3155}.Release|Any CPU.Build.0 = Release|Any CPU
		{C015E8AF-EB9E-467F-B15F-4BD7FCC11AF7}.Debug|Any CPU.ActiveCfg = Debug|Any CPU
		{C015E8AF-EB9E-467F-B15F-4BD7FCC11AF7}.Debug|Any CPU.Build.0 = Debug|Any CPU
		{C015E8AF-EB9E-467F-B15F-4BD7FCC11AF7}.Release|Any CPU.ActiveCfg = Release|Any CPU
		{C015E8AF-EB9E-467F-B15F-4BD7FCC11AF7}.Release|Any CPU.Build.0 = Release|Any CPU
		{11BA7401-495E-4DDE-BCD6-C229D500B243}.Debug|Any CPU.ActiveCfg = Debug|Any CPU
		{11BA7401-495E-4DDE-BCD6-C229D500B243}.Debug|Any CPU.Build.0 = Debug|Any CPU
		{11BA7401-495E-4DDE-BCD6-C229D500B243}.Release|Any CPU.ActiveCfg = Release|Any CPU
		{11BA7401-495E-4DDE-BCD6-C229D500B243}.Release|Any CPU.Build.0 = Release|Any CPU
		{3712A43A-79B3-462E-B361-F2BCBED8449B}.Debug|Any CPU.ActiveCfg = Debug|Any CPU
		{3712A43A-79B3-462E-B361-F2BCBED8449B}.Debug|Any CPU.Build.0 = Debug|Any CPU
		{3712A43A-79B3-462E-B361-F2BCBED8449B}.Release|Any CPU.ActiveCfg = Release|Any CPU
		{3712A43A-79B3-462E-B361-F2BCBED8449B}.Release|Any CPU.Build.0 = Release|Any CPU
	EndGlobalSection
	GlobalSection(SolutionProperties) = preSolution
		HideSolutionNode = FALSE
	EndGlobalSection
	GlobalSection(ExtensibilityGlobals) = postSolution
		SolutionGuid = {1710E78D-2EC6-40D7-9890-0490A82DD7E3}
	EndGlobalSection
EndGlobal
